
Microsoft Visual Studio Solution File, Format Version 12.00
# Visual Studio Version 17
VisualStudioVersion = 17.6.33815.320
MinimumVisualStudioVersion = 10.0.40219.1
Project("{FAE04EC0-301F-11D3-BF4B-00C04F79EFBC}") = "Ingenieria_Economica", "Ingenieria_Economica\Ingenieria_Economica.csproj", "{495764FA-5D2D-46FD-9A78-066E8811A112}"
EndProject
Global
	GlobalSection(SolutionConfigurationPlatforms) = preSolution
		Debug|Any CPU = Debug|Any CPU
		Release|Any CPU = Release|Any CPU
	EndGlobalSection
	GlobalSection(ProjectConfigurationPlatforms) = postSolution
		{495764FA-5D2D-46FD-9A78-066E8811A112}.Debug|Any CPU.ActiveCfg = Debug|Any CPU
		{495764FA-5D2D-46FD-9A78-066E8811A112}.Debug|Any CPU.Build.0 = Debug|Any CPU
		{495764FA-5D2D-46FD-9A78-066E8811A112}.Release|Any CPU.ActiveCfg = Release|Any CPU
		{495764FA-5D2D-46FD-9A78-066E8811A112}.Release|Any CPU.Build.0 = Release|Any CPU
	EndGlobalSection
	GlobalSection(SolutionProperties) = preSolution
		HideSolutionNode = FALSE
	EndGlobalSection
	GlobalSection(ExtensibilityGlobals) = postSolution
		SolutionGuid = {54A46C48-7A8A-4243-B2B8-195C90421FB8}
	EndGlobalSection
EndGlobal
